{
  "name": "pkgjson-dep-jump-nm",
  "version": "1.0.0",
  "lockfileVersion": 2,
  "requires": true,
  "packages": {
    "": {
      "name": "pkgjson-dep-jump-nm",
      "version": "1.0.0",
      "license": "MIT",
      "dependencies": {
        "base-test": "^4.17.21",
        "not-install": "1.0.0"
      },
      "devDependencies": {
        "@scope/test": "^4.14.182"
      }
    },
    "node_modules/@scope/test": {
      "version": "4.14.182",
      "resolved": "https://registry.npmjs.org/@types/lodash/-/lodash-4.14.182.tgz",
      "integrity": "sha512-/THyiqyQAP9AfARo4pF+aCGcyiQ94tX/Is2I7HofNRqoYLgN1PBoOWu2/zTA5zMxzP5EFutMtWtGAFRKUe961Q==",
      "dev": true,
      "dependencies": {
        "b-1": "^4.17.21"
      }
    },
    "node_modules/base-test": {
      "version": "4.17.21",
      "resolved": "https://registry.npmjs.org/lodash/-/lodash-4.17.21.tgz",
      "integrity": "sha512-v2kDEe57lecTulaDIuNTPy3Ry4gLGJ6Z1O3vE1krgXZNrsQ+LFTGHVxVjcXPs17LhbZVGedAJv8XZ1tvj5FvSg=="
    },
    "node_modules/a-1": {
      "dependencies": {
        "base-test": "^4.17.21",
        "b-1": "1.0.0"
      }
    },
    "node_modules/a-1/node_modules/b-1": {
      "version": "4.17.21",
      "resolved": "https://registry.npmjs.org/lodash/-/lodash-4.17.21.tgz",
      "integrity": "sha512-v2kDEe57lecTulaDIuNTPy3Ry4gLGJ6Z1O3vE1krgXZNrsQ+LFTGHVxVjcXPs17LhbZVGedAJv8XZ1tvj5FvSg==",
      "dependencies": {
        "base-test": "^4.17.21"
      }
    }
  },
  "dependencies": {
    "base-test": {
      "version": "4.14.182",
      "resolved": "https://registry.npmjs.org/@types/lodash/-/lodash-4.14.182.tgz",
      "integrity": "sha512-/THyiqyQAP9AfARo4pF+aCGcyiQ94tX/Is2I7HofNRqoYLgN1PBoOWu2/zTA5zMxzP5EFutMtWtGAFRKUe961Q==",
      "dev": true,
      "requires": {
        "a-1": "1.0.0",
        "not-install": "1.0.0"
      }
    },
    "@scope/test": {
      "version": "4.17.21",
      "resolved": "https://registry.npmjs.org/lodash/-/lodash-4.17.21.tgz",
      "integrity": "sha512-v2kDEe57lecTulaDIuNTPy3Ry4gLGJ6Z1O3vE1krgXZNrsQ+LFTGHVxVjcXPs17LhbZVGedAJv8XZ1tvj5FvSg==",
      "dependencies": {
        "b-1": {
          "version": "4.17.21"
        }
      }
    },
    "a-1": {
      "version": "4.17.21",
      "resolved": "https://registry.npmjs.org/lodash/-/lodash-4.17.21.tgz",
      "integrity": "sha512-v2kDEe57lecTulaDIuNTPy3Ry4gLGJ6Z1O3vE1krgXZNrsQ+LFTGHVxVjcXPs17LhbZVGedAJv8XZ1tvj5FvSg==",
      "dependencies": {
        "b-1": {
          "version": "4.17.21",
          "requires": {
            "base-test": "^4.17.21"
          }
        }
      }
    }
  }
}
